<?xml version="1.0" encoding="utf-8"?>
<Project ToolsVersion="4.0" xmlns="http://schemas.microsoft.com/developer/msbuild/2003">
  <ItemGroup>
    <Filter Include="ソース ファイル">
      <UniqueIdentifier>{4FC737F1-C7A5-4376-A066-2A32D752A2FF}</UniqueIdentifier>
      <Extensions>cpp;c;cc;cxx;c++;cppm;ixx;def;odl;idl;hpj;bat;asm;asmx</Extensions>
    </Filter>
    <Filter Include="ヘッダー ファイル">
      <UniqueIdentifier>{93995380-89BD-4b04-88EB-625FBE52EBFB}</UniqueIdentifier>
      <Extensions>h;hh;hpp;hxx;h++;hm;inl;inc;ipp;xsd</Extensions>
    </Filter>
    <Filter Include="リソース ファイル">
      <UniqueIdentifier>{67DA6AB6-F800-4c08-8B7A-83BB121AAD01}</UniqueIdentifier>
      <Extensions>rc;ico;cur;bmp;dlg;rc2;rct;bin;rgs;gif;jpg;jpeg;jpe;resx;tiff;tif;png;wav;mfcribbon-ms</Extensions>
    </Filter>
    <Filter Include="Shaders">
      <UniqueIdentifier>{1e9001de-e98c-4ee0-9e0b-73366683b4c4}</UniqueIdentifier>
    </Filter>
    <Filter Include="SourceCodes">
      <UniqueIdentifier>{43960d6a-6463-41b2-a24d-36bd2e751ec9}</UniqueIdentifier>
    </Filter>
    <Filter Include="SourceCodes\A_Editor">
      <UniqueIdentifier>{b3ca6eff-bb37-4145-90a0-bc5b28c9397e}</UniqueIdentifier>
    </Filter>
    <Filter Include="SourceCodes\A_Editor\Function">
      <UniqueIdentifier>{b8e543f2-5cda-4ce4-8191-fec5dd051abc}</UniqueIdentifier>
    </Filter>
    <Filter Include="SourceCodes\A_Editor\Mains">
      <UniqueIdentifier>{64a1322e-86a0-43b9-8f9c-070eb1d60f64}</UniqueIdentifier>
    </Filter>
    <Filter Include="SourceCodes\A_Editor\Function\Actors">
      <UniqueIdentifier>{8105e781-d7ca-4db8-8609-d1ada9412e72}</UniqueIdentifier>
    </Filter>
    <Filter Include="SourceCodes\A_Editor\Function\Actors\Bones">
      <UniqueIdentifier>{a3150af8-6b38-4108-9f33-0efdf3cc6822}</UniqueIdentifier>
    </Filter>
    <Filter Include="SourceCodes\A_Editor\Function\Animations">
      <UniqueIdentifier>{3fbf1679-76d4-4f0a-89b8-0dd102a20dbe}</UniqueIdentifier>
    </Filter>
    <Filter Include="SourceCodes\A_Editor\Function\Audios">
      <UniqueIdentifier>{711d48cf-d36d-4299-b9af-23c756b79eb2}</UniqueIdentifier>
    </Filter>
    <Filter Include="SourceCodes\A_Editor\Function\Cameras">
      <UniqueIdentifier>{20be64fd-f98f-4171-9d83-fba7b7220ffb}</UniqueIdentifier>
    </Filter>
    <Filter Include="SourceCodes\A_Editor\Function\Cameras\Base">
      <UniqueIdentifier>{0c6d264c-3ac5-4608-b8fb-a38d5f7e57b8}</UniqueIdentifier>
    </Filter>
    <Filter Include="SourceCodes\A_Editor\Function\Components">
      <UniqueIdentifier>{2dd9561a-c978-4441-bbcd-0f29bfc6d61d}</UniqueIdentifier>
    </Filter>
    <Filter Include="SourceCodes\A_Editor\Function\Components\Base">
      <UniqueIdentifier>{8507c46e-fe7f-4906-88e1-b522a4802c57}</UniqueIdentifier>
    </Filter>
    <Filter Include="SourceCodes\A_Editor\Function\Debugs">
      <UniqueIdentifier>{e79f8280-ecff-42c4-b976-639f6b85e267}</UniqueIdentifier>
    </Filter>
    <Filter Include="SourceCodes\A_Editor\Function\Defines">
      <UniqueIdentifier>{3a45d6e9-c690-41ef-a5b1-5615e7022bd1}</UniqueIdentifier>
    </Filter>
    <Filter Include="SourceCodes\A_Editor\Function\Inputs">
      <UniqueIdentifier>{2aa73ea6-e25e-49ad-b243-11bc3c0fc402}</UniqueIdentifier>
    </Filter>
    <Filter Include="SourceCodes\A_Editor\Function\Libs">
      <UniqueIdentifier>{b2f1ded3-dd9b-450d-9c0c-df9743aee9ad}</UniqueIdentifier>
    </Filter>
    <Filter Include="SourceCodes\A_Editor\Function\Renderers">
      <UniqueIdentifier>{d505f4ea-2e94-4231-aefb-3714b7f7b9fe}</UniqueIdentifier>
    </Filter>
    <Filter Include="SourceCodes\A_Editor\Function\Scenes">
      <UniqueIdentifier>{60db6326-c58a-4deb-8026-7c825bd2cf61}</UniqueIdentifier>
    </Filter>
    <Filter Include="SourceCodes\A_Editor\Function\ScriptManager">
      <UniqueIdentifier>{ab59c046-62e5-4873-9890-610d70a750fd}</UniqueIdentifier>
    </Filter>
    <Filter Include="SourceCodes\A_Editor\Function\UIs">
      <UniqueIdentifier>{e8d6c89c-958a-4afb-a6ef-4745e5a97c74}</UniqueIdentifier>
    </Filter>
    <Filter Include="SourceCodes\A_Editor\Function\Utilitys">
      <UniqueIdentifier>{ac4b962b-3c0b-4f40-8a0a-d3868409af65}</UniqueIdentifier>
    </Filter>
    <Filter Include="SourceCodes\A_Editor\Function\Physics">
      <UniqueIdentifier>{636a980d-5a84-4bb6-b623-bfcafa4bfd3b}</UniqueIdentifier>
    </Filter>
    <Filter Include="SourceCodes\A_Editor\Function\GUIs">
      <UniqueIdentifier>{e45438c9-7504-4a6c-9785-c706183d4edd}</UniqueIdentifier>
    </Filter>
    <Filter Include="SourceCodes\A_Editor\Function\GUIs\Panels">
      <UniqueIdentifier>{b11a48d9-2d8c-4dca-846d-47c2a0248981}</UniqueIdentifier>
    </Filter>
    <Filter Include="SourceCodes\A_Editor\Function\GUIs\EditorCameras">
      <UniqueIdentifier>{640f1662-933f-45d5-aaf2-8794fc6f98f0}</UniqueIdentifier>
    </Filter>
    <Filter Include="SourceCodes\A_Editor\Function\GUIs\Selection">
      <UniqueIdentifier>{6a7b6527-5a80-4a83-9473-0c07476305a8}</UniqueIdentifier>
    </Filter>
    <Filter Include="SourceCodes\A_Editor\Function\GUIs\Commands">
      <UniqueIdentifier>{ba5af1ca-b748-45e2-8add-836311c5d7a6}</UniqueIdentifier>
    </Filter>
    <Filter Include="SourceCodes\A_Editor\Function\GUIs\Commands\Interface">
      <UniqueIdentifier>{18de2cf6-85d9-44f1-a7a8-10e95befd1fb}</UniqueIdentifier>
    </Filter>
    <Filter Include="SourceCodes\A_Editor\Function\GUIs\Commands\Manager">
      <UniqueIdentifier>{635f8525-b7bc-4218-aecb-b7d70a37eb57}</UniqueIdentifier>
    </Filter>
    <Filter Include="SourceCodes\A_Editor\Function\GUIs\EditorClipboard">
      <UniqueIdentifier>{732ce46f-9e3b-436d-a71b-03f760d93d27}</UniqueIdentifier>
    </Filter>
    <Filter Include="SourceCodes\A_Editor\Function\Actors\Actor">
      <UniqueIdentifier>{b986ca08-3d79-483e-af95-545594904a40}</UniqueIdentifier>
    </Filter>
    <Filter Include="SourceCodes\A_Editor\Function\Actors\Actor\Entity">
      <UniqueIdentifier>{f8c7ea3d-f2d6-4b44-b575-9e5a4cfd522a}</UniqueIdentifier>
    </Filter>
    <Filter Include="SourceCodes\A_Editor\Function\Actors\Manager">
      <UniqueIdentifier>{8dbc75de-6df1-4747-a83d-5f6ec63e96cc}</UniqueIdentifier>
    </Filter>
    <Filter Include="SourceCodes\A_Editor\Function\Actors\Transform">
      <UniqueIdentifier>{efedc7e3-dfec-41ef-87f7-54c8e3cb905a}</UniqueIdentifier>
    </Filter>
    <Filter Include="SourceCodes\A_Editor\Function\Actors\Transform\Base">
      <UniqueIdentifier>{63b5bd6d-dff8-4d4f-82f6-188c7e457525}</UniqueIdentifier>
    </Filter>
    <Filter Include="SourceCodes\A_Editor\Function\Components\Factory">
      <UniqueIdentifier>{42709d57-3d29-4247-abb6-f887ce4e002b}</UniqueIdentifier>
    </Filter>
    <Filter Include="SourceCodes\A_Editor\Function\Components\Rigidbody">
      <UniqueIdentifier>{af4df9c3-4398-4e59-a6c2-b24feaa1e209}</UniqueIdentifier>
    </Filter>
    <Filter Include="SourceCodes\A_Editor\Function\Components\Colliders">
      <UniqueIdentifier>{e7ef0b20-18fa-4c0c-9a6f-59f3a981024a}</UniqueIdentifier>
    </Filter>
    <Filter Include="SourceCodes\A_Editor\Function\Scenes\Load&amp;Save">
      <UniqueIdentifier>{773c9f77-27e4-44d6-bb19-c1548895daa9}</UniqueIdentifier>
    </Filter>
    <Filter Include="SourceCodes\B_Game">
      <UniqueIdentifier>{a4b83392-8759-44af-8f1e-adc8a79610a2}</UniqueIdentifier>
    </Filter>
    <Filter Include="SourceCodes\B_Game\A_Mains">
      <UniqueIdentifier>{5437f9b2-d230-4919-996e-694b4602d1da}</UniqueIdentifier>
    </Filter>
    <Filter Include="SourceCodes\C_OutsideLibrary">
      <UniqueIdentifier>{2af7f795-ac0f-43c2-a3c2-87729f652388}</UniqueIdentifier>
    </Filter>
    <Filter Include="SourceCodes\C_OutsideLibrary\ImGui">
      <UniqueIdentifier>{56aa8154-9617-45c4-b802-8cf79871b20c}</UniqueIdentifier>
    </Filter>
    <Filter Include="SourceCodes\C_OutsideLibrary\tinyxml2">
      <UniqueIdentifier>{5b8889e2-b877-4c2b-915d-e3e0189aec73}</UniqueIdentifier>
    </Filter>
    <Filter Include="SourceCodes\C_OutsideLibrary\stb">
      <UniqueIdentifier>{96ff0061-94a7-432f-9124-6efbad3538f5}</UniqueIdentifier>
    </Filter>
  </ItemGroup>
  <ItemGroup>
    <None Include="..\Shaders\Arrow.frag">
      <Filter>Shaders</Filter>
    </None>
    <None Include="..\Shaders\Arrow.vert">
      <Filter>Shaders</Filter>
    </None>
    <None Include="..\Shaders\BasicMesh.vert">
      <Filter>Shaders</Filter>
    </None>
    <None Include="..\Shaders\GBufferGlobal.frag">
      <Filter>Shaders</Filter>
    </None>
    <None Include="..\Shaders\GBufferGlobal.vert">
      <Filter>Shaders</Filter>
    </None>
    <None Include="..\Shaders\GBufferPointLight.frag">
      <Filter>Shaders</Filter>
    </None>
    <None Include="..\Shaders\GBufferWrite.frag">
      <Filter>Shaders</Filter>
    </None>
    <None Include="..\Shaders\Grid.frag">
      <Filter>Shaders</Filter>
    </None>
    <None Include="..\Shaders\Grid.vert">
      <Filter>Shaders</Filter>
    </None>
    <None Include="..\Shaders\ParticleSprite.frag">
      <Filter>Shaders</Filter>
    </None>
    <None Include="..\Shaders\Phong.vert">
      <Filter>Shaders</Filter>
    </None>
    <None Include="..\Shaders\ShadowDepth.frag">
      <Filter>Shaders</Filter>
    </None>
    <None Include="..\Shaders\ShadowDepth.vert">
      <Filter>Shaders</Filter>
    </None>
    <None Include="..\Shaders\Skinned.vert">
      <Filter>Shaders</Filter>
    </None>
    <None Include="..\Shaders\SkinnedShadowDepth.frag">
      <Filter>Shaders</Filter>
    </None>
    <None Include="..\Shaders\SkinnedShadowDepth.vert">
      <Filter>Shaders</Filter>
    </None>
    <None Include="..\Shaders\Skybox.frag">
      <Filter>Shaders</Filter>
    </None>
    <None Include="..\Shaders\Skybox.vert">
      <Filter>Shaders</Filter>
    </None>
    <None Include="..\Shaders\Sprite.frag">
      <Filter>Shaders</Filter>
    </None>
    <None Include="..\Shaders\Sprite.vert">
      <Filter>Shaders</Filter>
    </None>
    <None Include="packages.config" />
    <None Include="cpp.hint" />
  </ItemGroup>
  <ItemGroup>
    <ClCompile Include="Actor.cpp">
      <Filter>SourceCodes\A_Editor\Function\Actors\Actor</Filter>
    </ClCompile>
    <ClCompile Include="BoneActor.cpp">
      <Filter>SourceCodes\A_Editor\Function\Actors\Bones</Filter>
    </ClCompile>
    <ClCompile Include="Animation.cpp">
      <Filter>SourceCodes\A_Editor\Function\Animations</Filter>
    </ClCompile>
    <ClCompile Include="Animator.cpp">
      <Filter>SourceCodes\A_Editor\Function\Animations</Filter>
    </ClCompile>
    <ClCompile Include="AudioComponent.cpp">
      <Filter>SourceCodes\A_Editor\Function\Audios</Filter>
    </ClCompile>
    <ClCompile Include="AudioSystem.cpp">
      <Filter>SourceCodes\A_Editor\Function\Audios</Filter>
    </ClCompile>
    <ClCompile Include="SoundEventClip.cpp">
      <Filter>SourceCodes\A_Editor\Function\Audios</Filter>
    </ClCompile>
    <ClCompile Include="BaseCamera.cpp">
      <Filter>SourceCodes\A_Editor\Function\Cameras\Base</Filter>
    </ClCompile>
    <ClCompile Include="FreeCamera.cpp">
      <Filter>SourceCodes\A_Editor\Function\Cameras</Filter>
    </ClCompile>
    <ClCompile Include="Collision.cpp">
      <Filter>SourceCodes\A_Editor\Function\Physics</Filter>
    </ClCompile>
    <ClCompile Include="PhysWorld.cpp">
      <Filter>SourceCodes\A_Editor\Function\Physics</Filter>
    </ClCompile>
    <ClCompile Include="Component.cpp">
      <Filter>SourceCodes\A_Editor\Function\Components\Base</Filter>
    </ClCompile>
    <ClCompile Include="DirectionalLightComponent.cpp">
      <Filter>SourceCodes\A_Editor\Function\Components</Filter>
    </ClCompile>
    <ClCompile Include="MeshRenderer.cpp">
      <Filter>SourceCodes\A_Editor\Function\Components</Filter>
    </ClCompile>
    <ClCompile Include="ParticleSystem.cpp">
      <Filter>SourceCodes\A_Editor\Function\Components</Filter>
    </ClCompile>
    <ClCompile Include="SkeletalMeshRenderer.cpp">
      <Filter>SourceCodes\A_Editor\Function\Components</Filter>
    </ClCompile>
    <ClCompile Include="DebugGrid.cpp">
      <Filter>SourceCodes\A_Editor\Function\Debugs</Filter>
    </ClCompile>
    <ClCompile Include="InputSystem.cpp">
      <Filter>SourceCodes\A_Editor\Function\Inputs</Filter>
    </ClCompile>
    <ClCompile Include="BoneTransform.cpp">
      <Filter>SourceCodes\A_Editor\Function\Renderers</Filter>
    </ClCompile>
    <ClCompile Include="GBuffer.cpp">
      <Filter>SourceCodes\A_Editor\Function\Renderers</Filter>
    </ClCompile>
    <ClCompile Include="Renderer.cpp">
      <Filter>SourceCodes\A_Editor\Function\Renderers</Filter>
    </ClCompile>
    <ClCompile Include="Mesh.cpp">
      <Filter>SourceCodes\A_Editor\Function\Renderers</Filter>
    </ClCompile>
    <ClCompile Include="Shader.cpp">
      <Filter>SourceCodes\A_Editor\Function\Renderers</Filter>
    </ClCompile>
    <ClCompile Include="ShadowMap.cpp">
      <Filter>SourceCodes\A_Editor\Function\Renderers</Filter>
    </ClCompile>
    <ClCompile Include="Skeleton.cpp">
      <Filter>SourceCodes\A_Editor\Function\Renderers</Filter>
    </ClCompile>
    <ClCompile Include="SkyBoxRenderer.cpp">
      <Filter>SourceCodes\A_Editor\Function\Renderers</Filter>
    </ClCompile>
    <ClCompile Include="Rigidbody.cpp">
      <Filter>SourceCodes\A_Editor\Function\Components\Rigidbody</Filter>
    </ClCompile>
    <ClCompile Include="SceneManager.cpp">
      <Filter>SourceCodes\A_Editor\Function\Scenes\Load&amp;Save</Filter>
    </ClCompile>
    <ClCompile Include="BaseScene.cpp">
      <Filter>SourceCodes\A_Editor\Function\Scenes</Filter>
    </ClCompile>
    <ClCompile Include="Button.cpp">
      <Filter>SourceCodes\A_Editor\Function\UIs</Filter>
    </ClCompile>
    <ClCompile Include="Canvas.cpp">
      <Filter>SourceCodes\A_Editor\Function\UIs</Filter>
    </ClCompile>
    <ClCompile Include="DialogBox.cpp">
      <Filter>SourceCodes\A_Editor\Function\UIs</Filter>
    </ClCompile>
    <ClCompile Include="Font.cpp">
      <Filter>SourceCodes\A_Editor\Function\UIs</Filter>
    </ClCompile>
    <ClCompile Include="Image.cpp">
      <Filter>SourceCodes\A_Editor\Function\UIs</Filter>
    </ClCompile>
    <ClCompile Include="Texture.cpp">
      <Filter>SourceCodes\A_Editor\Function\UIs</Filter>
    </ClCompile>
    <ClCompile Include="Text.cpp">
      <Filter>SourceCodes\A_Editor\Function\UIs</Filter>
    </ClCompile>
    <ClCompile Include="CallBackManager.cpp">
      <Filter>SourceCodes\A_Editor\Function\Utilitys</Filter>
    </ClCompile>
    <ClCompile Include="ConvertNumToString.cpp">
      <Filter>SourceCodes\A_Editor\Function\Utilitys</Filter>
    </ClCompile>
    <ClCompile Include="Math.cpp">
      <Filter>SourceCodes\A_Editor\Function\Utilitys</Filter>
    </ClCompile>
    <ClCompile Include="Random.cpp">
      <Filter>SourceCodes\A_Editor\Function\Utilitys</Filter>
    </ClCompile>
    <ClCompile Include="Time.cpp">
      <Filter>SourceCodes\A_Editor\Function\Utilitys</Filter>
    </ClCompile>
    <ClCompile Include="VertexArray.cpp">
      <Filter>SourceCodes\A_Editor\Function\Utilitys</Filter>
    </ClCompile>
    <ClCompile Include="ImGui\imgui.cpp">
      <Filter>SourceCodes\C_OutsideLibrary\ImGui</Filter>
    </ClCompile>
    <ClCompile Include="ImGui\imgui_demo.cpp">
      <Filter>SourceCodes\C_OutsideLibrary\ImGui</Filter>
    </ClCompile>
    <ClCompile Include="ImGui\imgui_draw.cpp">
      <Filter>SourceCodes\C_OutsideLibrary\ImGui</Filter>
    </ClCompile>
    <ClCompile Include="ImGui\imgui_impl_opengl3.cpp">
      <Filter>SourceCodes\C_OutsideLibrary\ImGui</Filter>
    </ClCompile>
    <ClCompile Include="ImGui\imgui_impl_sdl3.cpp">
      <Filter>SourceCodes\C_OutsideLibrary\ImGui</Filter>
    </ClCompile>
    <ClCompile Include="ImGui\imgui_tables.cpp">
      <Filter>SourceCodes\C_OutsideLibrary\ImGui</Filter>
    </ClCompile>
    <ClCompile Include="ImGui\imgui_widgets.cpp">
      <Filter>SourceCodes\C_OutsideLibrary\ImGui</Filter>
    </ClCompile>
    <ClCompile Include="ToolbarPanel.cpp">
      <Filter>SourceCodes\A_Editor\Function\GUIs\Panels</Filter>
    </ClCompile>
    <ClCompile Include="InspectorPanel.cpp">
      <Filter>SourceCodes\A_Editor\Function\GUIs\Panels</Filter>
    </ClCompile>
    <ClCompile Include="SceneViewPanel.cpp">
      <Filter>SourceCodes\A_Editor\Function\GUIs\Panels</Filter>
    </ClCompile>
    <ClCompile Include="ProjectPanel.cpp">
      <Filter>SourceCodes\A_Editor\Function\GUIs\Panels</Filter>
    </ClCompile>
    <ClCompile Include="GUIPanel.cpp">
      <Filter>SourceCodes\A_Editor\Function\GUIs\Panels</Filter>
    </ClCompile>
    <ClCompile Include="GameViewPanel.cpp">
      <Filter>SourceCodes\A_Editor\Function\GUIs\Panels</Filter>
    </ClCompile>
    <ClCompile Include="SceneEditorCamera.cpp">
      <Filter>SourceCodes\A_Editor\Function\GUIs\EditorCameras</Filter>
    </ClCompile>
    <ClCompile Include="EditorMain.cpp">
      <Filter>SourceCodes\A_Editor\Mains</Filter>
    </ClCompile>
    <ClCompile Include="GameMain.cpp">
      <Filter>SourceCodes\B_Game\A_Mains</Filter>
    </ClCompile>
    <ClCompile Include="GameApp.cpp">
      <Filter>SourceCodes\B_Game\A_Mains</Filter>
    </ClCompile>
    <ClCompile Include="GameWinMain.cpp">
      <Filter>SourceCodes\B_Game\A_Mains</Filter>
    </ClCompile>
    <ClCompile Include="EngineWindow.cpp">
      <Filter>SourceCodes\A_Editor\Mains</Filter>
    </ClCompile>
    <ClCompile Include="GUIWinMain.cpp">
      <Filter>SourceCodes\A_Editor\Mains</Filter>
    </ClCompile>
    <ClCompile Include="GUIMainMenu.cpp">
      <Filter>SourceCodes\A_Editor\Function\GUIs\Panels</Filter>
    </ClCompile>
    <ClCompile Include="BoxCollider.cpp">
      <Filter>SourceCodes\A_Editor\Function\Components\Colliders</Filter>
    </ClCompile>
    <ClCompile Include="CapsuleCollider.cpp">
      <Filter>SourceCodes\A_Editor\Function\Components\Colliders</Filter>
    </ClCompile>
    <ClCompile Include="Collider.cpp">
      <Filter>SourceCodes\A_Editor\Function\Components\Colliders</Filter>
    </ClCompile>
    <ClCompile Include="SphereCollider.cpp">
      <Filter>SourceCodes\A_Editor\Function\Components\Colliders</Filter>
    </ClCompile>
    <ClCompile Include="SceneSerializer.cpp">
      <Filter>SourceCodes\A_Editor\Function\Scenes\Load&amp;Save</Filter>
    </ClCompile>
    <ClCompile Include="EditorTextureManager.cpp">
      <Filter>SourceCodes\A_Editor\Function\GUIs</Filter>
    </ClCompile>
    <ClCompile Include="WindowRenderProperty.cpp">
      <Filter>SourceCodes\A_Editor\Function\Defines</Filter>
    </ClCompile>
    <ClCompile Include="AudioBankProperty.cpp">
      <Filter>SourceCodes\A_Editor\Function\Audios</Filter>
    </ClCompile>
    <ClCompile Include="SceneViewEditor.cpp">
      <Filter>SourceCodes\A_Editor\Function\Renderers</Filter>
    </ClCompile>
    <ClCompile Include="ExternalLibrary\tinyxml2-master\tinyxml2.cpp">
      <Filter>SourceCodes\C_OutsideLibrary\tinyxml2</Filter>
    </ClCompile>
    <ClCompile Include="ScriptEditManager.cpp">
      <Filter>SourceCodes\A_Editor\Function\GUIs</Filter>
    </ClCompile>
    <ClCompile Include="ScriptComponent.cpp">
      <Filter>SourceCodes\A_Editor\Function\Components</Filter>
    </ClCompile>
    <ClCompile Include="ScriptHotReloadManager.cpp">
      <Filter>SourceCodes\A_Editor\Function\ScriptManager</Filter>
    </ClCompile>
    <ClCompile Include="stb_impl.cpp">
      <Filter>SourceCodes\C_OutsideLibrary\stb</Filter>
    </ClCompile>
    <ClCompile Include="Transform.cpp">
      <Filter>SourceCodes\A_Editor\Function\Actors\Transform</Filter>
    </ClCompile>
    <ClCompile Include="ImGuiHelper.cpp">
      <Filter>SourceCodes\A_Editor\Function\GUIs</Filter>
    </ClCompile>
    <ClCompile Include="EditorSettingsManager.cpp">
      <Filter>SourceCodes\A_Editor\Mains</Filter>
    </ClCompile>
    <ClCompile Include="IsLandPhysic.cpp">
      <Filter>SourceCodes\A_Editor\Function\Physics</Filter>
    </ClCompile>
    <ClCompile Include="CommandManager.cpp">
      <Filter>SourceCodes\A_Editor\Function\GUIs\Commands\Manager</Filter>
    </ClCompile>
    <ClCompile Include="ReparentAndReorderCommand.cpp">
      <Filter>SourceCodes\A_Editor\Function\GUIs\Commands</Filter>
    </ClCompile>
    <ClCompile Include="RenameCommand.cpp">
      <Filter>SourceCodes\A_Editor\Function\GUIs\Commands</Filter>
    </ClCompile>
    <ClCompile Include="DeleteCommand.cpp">
      <Filter>SourceCodes\A_Editor\Function\GUIs\Commands</Filter>
    </ClCompile>
    <ClCompile Include="CreateNewActorCommand.cpp">
      <Filter>SourceCodes\A_Editor\Function\GUIs\Commands</Filter>
    </ClCompile>
    <ClCompile Include="SelectionManager.cpp">
      <Filter>SourceCodes\A_Editor\Function\GUIs\Selection</Filter>
    </ClCompile>
    <ClCompile Include="EditorClipboard.cpp">
      <Filter>SourceCodes\A_Editor\Function\GUIs\EditorClipboard</Filter>
    </ClCompile>
    <ClCompile Include="PasteActorCommand.cpp">
      <Filter>SourceCodes\A_Editor\Function\GUIs\Commands</Filter>
    </ClCompile>
    <ClCompile Include="HierarchyPanel.cpp">
      <Filter>SourceCodes\A_Editor\Function\GUIs\Panels</Filter>
    </ClCompile>
    <ClCompile Include="RectTransform.cpp">
      <Filter>SourceCodes\A_Editor\Function\Actors\Transform</Filter>
    </ClCompile>
    <ClCompile Include="UIActor.cpp">
      <Filter>SourceCodes\A_Editor\Function\Actors\Actor</Filter>
    </ClCompile>
    <ClCompile Include="CreateNewCanvasCommand.cpp">
      <Filter>SourceCodes\A_Editor\Function\GUIs\Commands</Filter>
    </ClCompile>
    <ClCompile Include="CreateNewUIActorCommand.cpp">
      <Filter>SourceCodes\A_Editor\Function\GUIs\Commands</Filter>
    </ClCompile>
    <ClCompile Include="Entity.cpp">
      <Filter>SourceCodes\A_Editor\Function\Actors\Actor\Entity</Filter>
    </ClCompile>
    <ClCompile Include="ActorManager.cpp">
      <Filter>SourceCodes\A_Editor\Function\Actors\Manager</Filter>
    </ClCompile>
    <ClCompile Include="UIActorManager.cpp">
      <Filter>SourceCodes\A_Editor\Function\Actors\Manager</Filter>
    </ClCompile>
    <ClCompile Include="BaseTransform.cpp">
      <Filter>SourceCodes\A_Editor\Function\Actors\Transform\Base</Filter>
    </ClCompile>
    <ClCompile Include="ComponentFactory.cpp">
      <Filter>SourceCodes\A_Editor\Function\Components\Factory</Filter>
    </ClCompile>
    <ClCompile Include="FileOperationManager.cpp">
      <Filter>ソース ファイル</Filter>
    </ClCompile>
    <ClCompile Include="DuplicateCommand.cpp">
      <Filter>ソース ファイル</Filter>
    </ClCompile>
  </ItemGroup>
  <ItemGroup>
    <ClInclude Include="Actor.h">
      <Filter>SourceCodes\A_Editor\Function\Actors\Actor</Filter>
    </ClInclude>
    <ClInclude Include="BoneActor.h">
      <Filter>SourceCodes\A_Editor\Function\Actors\Bones</Filter>
    </ClInclude>
    <ClInclude Include="Animation.h">
      <Filter>SourceCodes\A_Editor\Function\Animations</Filter>
    </ClInclude>
    <ClInclude Include="Animator.h">
      <Filter>SourceCodes\A_Editor\Function\Animations</Filter>
    </ClInclude>
    <ClInclude Include="AudioComponent.h">
      <Filter>SourceCodes\A_Editor\Function\Audios</Filter>
    </ClInclude>
    <ClInclude Include="AudioSystem.h">
      <Filter>SourceCodes\A_Editor\Function\Audios</Filter>
    </ClInclude>
    <ClInclude Include="SoundEventClip.h">
      <Filter>SourceCodes\A_Editor\Function\Audios</Filter>
    </ClInclude>
    <ClInclude Include="BaseCamera.h">
      <Filter>SourceCodes\A_Editor\Function\Cameras\Base</Filter>
    </ClInclude>
    <ClInclude Include="FreeCamera.h">
      <Filter>SourceCodes\A_Editor\Function\Cameras</Filter>
    </ClInclude>
    <ClInclude Include="Collision.h">
      <Filter>SourceCodes\A_Editor\Function\Physics</Filter>
    </ClInclude>
    <ClInclude Include="PhysWorld.h">
      <Filter>SourceCodes\A_Editor\Function\Physics</Filter>
    </ClInclude>
    <ClInclude Include="Component.h">
      <Filter>SourceCodes\A_Editor\Function\Components\Base</Filter>
    </ClInclude>
    <ClInclude Include="DirectionalLightComponent.h">
      <Filter>SourceCodes\A_Editor\Function\Components</Filter>
    </ClInclude>
    <ClInclude Include="MeshRenderer.h">
      <Filter>SourceCodes\A_Editor\Function\Components</Filter>
    </ClInclude>
    <ClInclude Include="ParticleSystem.h">
      <Filter>SourceCodes\A_Editor\Function\Components</Filter>
    </ClInclude>
    <ClInclude Include="SkeletalMeshRenderer.h">
      <Filter>SourceCodes\A_Editor\Function\Components</Filter>
    </ClInclude>
    <ClInclude Include="DebugMemoryManager.h">
      <Filter>SourceCodes\A_Editor\Function\Debugs</Filter>
    </ClInclude>
    <ClInclude Include="DebugGrid.h">
      <Filter>SourceCodes\A_Editor\Function\Debugs</Filter>
    </ClInclude>
    <ClInclude Include="FilePath.h">
      <Filter>SourceCodes\A_Editor\Function\Defines</Filter>
    </ClInclude>
    <ClInclude Include="MatrixPalette.h">
      <Filter>SourceCodes\A_Editor\Function\Defines</Filter>
    </ClInclude>
    <ClInclude Include="SDL_Scancode.h">
      <Filter>SourceCodes\A_Editor\Function\Defines</Filter>
    </ClInclude>
    <ClInclude Include="Typedefs.h">
      <Filter>SourceCodes\A_Editor\Function\Defines</Filter>
    </ClInclude>
    <ClInclude Include="InputSystem.h">
      <Filter>SourceCodes\A_Editor\Function\Inputs</Filter>
    </ClInclude>
    <ClInclude Include="Assimp.h">
      <Filter>SourceCodes\A_Editor\Function\Libs</Filter>
    </ClInclude>
    <ClInclude Include="GameFunctions.h">
      <Filter>SourceCodes\A_Editor\Function\Libs</Filter>
    </ClInclude>
    <ClInclude Include="SDL3.h">
      <Filter>SourceCodes\A_Editor\Function\Libs</Filter>
    </ClInclude>
    <ClInclude Include="SDOpenLib.h">
      <Filter>SourceCodes\A_Editor\Function\Libs</Filter>
    </ClInclude>
    <ClInclude Include="StandardLibrary.h">
      <Filter>SourceCodes\A_Editor\Function\Libs</Filter>
    </ClInclude>
    <ClInclude Include="BoneTransform.h">
      <Filter>SourceCodes\A_Editor\Function\Renderers</Filter>
    </ClInclude>
    <ClInclude Include="GBuffer.h">
      <Filter>SourceCodes\A_Editor\Function\Renderers</Filter>
    </ClInclude>
    <ClInclude Include="Renderer.h">
      <Filter>SourceCodes\A_Editor\Function\Renderers</Filter>
    </ClInclude>
    <ClInclude Include="Mesh.h">
      <Filter>SourceCodes\A_Editor\Function\Renderers</Filter>
    </ClInclude>
    <ClInclude Include="Shader.h">
      <Filter>SourceCodes\A_Editor\Function\Renderers</Filter>
    </ClInclude>
    <ClInclude Include="ShadowMap.h">
      <Filter>SourceCodes\A_Editor\Function\Renderers</Filter>
    </ClInclude>
    <ClInclude Include="Skeleton.h">
      <Filter>SourceCodes\A_Editor\Function\Renderers</Filter>
    </ClInclude>
    <ClInclude Include="SkyBoxRenderer.h">
      <Filter>SourceCodes\A_Editor\Function\Renderers</Filter>
    </ClInclude>
    <ClInclude Include="Rigidbody.h">
      <Filter>SourceCodes\A_Editor\Function\Components\Rigidbody</Filter>
    </ClInclude>
    <ClInclude Include="SceneManager.h">
      <Filter>SourceCodes\A_Editor\Function\Scenes\Load&amp;Save</Filter>
    </ClInclude>
    <ClInclude Include="BaseScene.h">
      <Filter>SourceCodes\A_Editor\Function\Scenes</Filter>
    </ClInclude>
    <ClInclude Include="Button.h">
      <Filter>SourceCodes\A_Editor\Function\UIs</Filter>
    </ClInclude>
    <ClInclude Include="Canvas.h">
      <Filter>SourceCodes\A_Editor\Function\UIs</Filter>
    </ClInclude>
    <ClInclude Include="DialogBox.h">
      <Filter>SourceCodes\A_Editor\Function\UIs</Filter>
    </ClInclude>
    <ClInclude Include="Font.h">
      <Filter>SourceCodes\A_Editor\Function\UIs</Filter>
    </ClInclude>
    <ClInclude Include="Image.h">
      <Filter>SourceCodes\A_Editor\Function\UIs</Filter>
    </ClInclude>
    <ClInclude Include="Texture.h">
      <Filter>SourceCodes\A_Editor\Function\UIs</Filter>
    </ClInclude>
    <ClInclude Include="Text.h">
      <Filter>SourceCodes\A_Editor\Function\UIs</Filter>
    </ClInclude>
    <ClInclude Include="CallBackManager.h">
      <Filter>SourceCodes\A_Editor\Function\Utilitys</Filter>
    </ClInclude>
    <ClInclude Include="ConvertNumToString.h">
      <Filter>SourceCodes\A_Editor\Function\Utilitys</Filter>
    </ClInclude>
    <ClInclude Include="DebugManager.h">
      <Filter>SourceCodes\A_Editor\Function\Utilitys</Filter>
    </ClInclude>
    <ClInclude Include="Math.h">
      <Filter>SourceCodes\A_Editor\Function\Utilitys</Filter>
    </ClInclude>
    <ClInclude Include="Random.h">
      <Filter>SourceCodes\A_Editor\Function\Utilitys</Filter>
    </ClInclude>
    <ClInclude Include="StringFormat.h">
      <Filter>SourceCodes\A_Editor\Function\Utilitys</Filter>
    </ClInclude>
    <ClInclude Include="Time.h">
      <Filter>SourceCodes\A_Editor\Function\Utilitys</Filter>
    </ClInclude>
    <ClInclude Include="VertexArray.h">
      <Filter>SourceCodes\A_Editor\Function\Utilitys</Filter>
    </ClInclude>
    <ClInclude Include="ImGui\imconfig.h">
      <Filter>SourceCodes\C_OutsideLibrary\ImGui</Filter>
    </ClInclude>
    <ClInclude Include="ImGui\imgui.h">
      <Filter>SourceCodes\C_OutsideLibrary\ImGui</Filter>
    </ClInclude>
    <ClInclude Include="ImGui\imgui_impl_opengl3.h">
      <Filter>SourceCodes\C_OutsideLibrary\ImGui</Filter>
    </ClInclude>
    <ClInclude Include="ImGui\imgui_impl_opengl3_loader.h">
      <Filter>SourceCodes\C_OutsideLibrary\ImGui</Filter>
    </ClInclude>
    <ClInclude Include="ImGui\imgui_impl_sdl3.h">
      <Filter>SourceCodes\C_OutsideLibrary\ImGui</Filter>
    </ClInclude>
    <ClInclude Include="ImGui\imgui_internal.h">
      <Filter>SourceCodes\C_OutsideLibrary\ImGui</Filter>
    </ClInclude>
    <ClInclude Include="ImGui\imstb_rectpack.h">
      <Filter>SourceCodes\C_OutsideLibrary\ImGui</Filter>
    </ClInclude>
    <ClInclude Include="ImGui\imstb_textedit.h">
      <Filter>SourceCodes\C_OutsideLibrary\ImGui</Filter>
    </ClInclude>
    <ClInclude Include="ImGui\imstb_truetype.h">
      <Filter>SourceCodes\C_OutsideLibrary\ImGui</Filter>
    </ClInclude>
    <ClInclude Include="ToolbarPanel.h">
      <Filter>SourceCodes\A_Editor\Function\GUIs\Panels</Filter>
    </ClInclude>
    <ClInclude Include="GameViewPanel.h">
      <Filter>SourceCodes\A_Editor\Function\GUIs\Panels</Filter>
    </ClInclude>
    <ClInclude Include="GUIPanel.h">
      <Filter>SourceCodes\A_Editor\Function\GUIs\Panels</Filter>
    </ClInclude>
    <ClInclude Include="HierarchyPanel.h">
      <Filter>SourceCodes\A_Editor\Function\GUIs\Panels</Filter>
    </ClInclude>
    <ClInclude Include="ProjectPanel.h">
      <Filter>SourceCodes\A_Editor\Function\GUIs\Panels</Filter>
    </ClInclude>
    <ClInclude Include="SceneViewPanel.h">
      <Filter>SourceCodes\A_Editor\Function\GUIs\Panels</Filter>
    </ClInclude>
    <ClInclude Include="InspectorPanel.h">
      <Filter>SourceCodes\A_Editor\Function\GUIs\Panels</Filter>
    </ClInclude>
    <ClInclude Include="SceneEditorCamera.h">
      <Filter>SourceCodes\A_Editor\Function\GUIs\EditorCameras</Filter>
    </ClInclude>
    <ClInclude Include="GameApp.h">
      <Filter>SourceCodes\B_Game\A_Mains</Filter>
    </ClInclude>
    <ClInclude Include="GameWinMain.h">
      <Filter>SourceCodes\B_Game\A_Mains</Filter>
    </ClInclude>
    <ClInclude Include="EngineWindow.h">
      <Filter>SourceCodes\A_Editor\Mains</Filter>
    </ClInclude>
    <ClInclude Include="GUIWinMain.h">
      <Filter>SourceCodes\A_Editor\Mains</Filter>
    </ClInclude>
    <ClInclude Include="GUIMainMenu.h">
      <Filter>SourceCodes\A_Editor\Function\GUIs\Panels</Filter>
    </ClInclude>
    <ClInclude Include="BoxCollider.h">
      <Filter>SourceCodes\A_Editor\Function\Components\Colliders</Filter>
    </ClInclude>
    <ClInclude Include="CapsuleCollider.h">
      <Filter>SourceCodes\A_Editor\Function\Components\Colliders</Filter>
    </ClInclude>
    <ClInclude Include="Collider.h">
      <Filter>SourceCodes\A_Editor\Function\Components\Colliders</Filter>
    </ClInclude>
    <ClInclude Include="SphereCollider.h">
      <Filter>SourceCodes\A_Editor\Function\Components\Colliders</Filter>
    </ClInclude>
    <ClInclude Include="SceneSerializer.h">
      <Filter>SourceCodes\A_Editor\Function\Scenes\Load&amp;Save</Filter>
    </ClInclude>
    <ClInclude Include="EditorTextureManager.h">
      <Filter>SourceCodes\A_Editor\Function\GUIs</Filter>
    </ClInclude>
    <ClInclude Include="WindowRenderProperty.h">
      <Filter>SourceCodes\A_Editor\Function\Defines</Filter>
    </ClInclude>
    <ClInclude Include="AudioBankProperty.h">
      <Filter>SourceCodes\A_Editor\Function\Audios</Filter>
    </ClInclude>
    <ClInclude Include="SceneViewEditor.h">
      <Filter>SourceCodes\A_Editor\Function\Renderers</Filter>
    </ClInclude>
    <ClInclude Include="ExternalLibrary\tinyxml2-master\tinyxml2.h">
      <Filter>SourceCodes\C_OutsideLibrary\tinyxml2</Filter>
    </ClInclude>
    <ClInclude Include="ScriptEditManager.h">
      <Filter>SourceCodes\A_Editor\Function\GUIs</Filter>
    </ClInclude>
    <ClInclude Include="ScriptComponent.h">
      <Filter>SourceCodes\A_Editor\Function\Components</Filter>
    </ClInclude>
    <ClInclude Include="PrototypeEngine.h">
      <Filter>SourceCodes\A_Editor\Function\Libs</Filter>
    </ClInclude>
    <ClInclude Include="ScriptHotReloadManager.h">
      <Filter>SourceCodes\A_Editor\Function\ScriptManager</Filter>
    </ClInclude>
    <ClInclude Include="Color.h">
      <Filter>SourceCodes\A_Editor\Function\Utilitys</Filter>
    </ClInclude>
    <ClInclude Include="Transform.h">
      <Filter>SourceCodes\A_Editor\Function\Actors\Transform</Filter>
    </ClInclude>
    <ClInclude Include="PrototypeEngine_API.h">
      <Filter>SourceCodes\A_Editor\Function\Utilitys</Filter>
    </ClInclude>
    <ClInclude Include="ImGuiHelper.h">
      <Filter>SourceCodes\A_Editor\Function\GUIs</Filter>
    </ClInclude>
    <ClInclude Include="Physics.h">
      <Filter>SourceCodes\A_Editor\Function\Physics</Filter>
    </ClInclude>
    <ClInclude Include="EditorSettingsManager.h">
      <Filter>SourceCodes\A_Editor\Mains</Filter>
    </ClInclude>
    <ClInclude Include="IsLandPhysic.h">
      <Filter>SourceCodes\A_Editor\Function\Physics</Filter>
    </ClInclude>
    <ClInclude Include="ICommand.h">
      <Filter>SourceCodes\A_Editor\Function\GUIs\Commands\Interface</Filter>
    </ClInclude>
    <ClInclude Include="CommandManager.h">
      <Filter>SourceCodes\A_Editor\Function\GUIs\Commands\Manager</Filter>
    </ClInclude>
    <ClInclude Include="ReparentAndReorderCommand.h">
      <Filter>SourceCodes\A_Editor\Function\GUIs\Commands</Filter>
    </ClInclude>
    <ClInclude Include="RenameCommand.h">
      <Filter>SourceCodes\A_Editor\Function\GUIs\Commands</Filter>
    </ClInclude>
    <ClInclude Include="CreateNewActorCommand.h">
      <Filter>SourceCodes\A_Editor\Function\GUIs\Commands</Filter>
    </ClInclude>
    <ClInclude Include="SelectionManager.h">
      <Filter>SourceCodes\A_Editor\Function\GUIs\Selection</Filter>
    </ClInclude>
    <ClInclude Include="EditorClipboard.h">
      <Filter>SourceCodes\A_Editor\Function\GUIs\EditorClipboard</Filter>
    </ClInclude>
    <ClInclude Include="DeleteCommand.h">
      <Filter>SourceCodes\A_Editor\Function\GUIs\Commands</Filter>
    </ClInclude>
    <ClInclude Include="PasteActorCommand.h">
      <Filter>SourceCodes\A_Editor\Function\GUIs\Commands</Filter>
    </ClInclude>
    <ClInclude Include="RectTransform.h">
      <Filter>SourceCodes\A_Editor\Function\Actors\Transform</Filter>
    </ClInclude>
    <ClInclude Include="UIActor.h">
      <Filter>SourceCodes\A_Editor\Function\Actors\Actor</Filter>
    </ClInclude>
    <ClInclude Include="CreateNewUIActorCommand.h">
      <Filter>SourceCodes\A_Editor\Function\GUIs\Commands</Filter>
    </ClInclude>
    <ClInclude Include="CreateNewCanvasCommand.h">
      <Filter>SourceCodes\A_Editor\Function\GUIs\Commands</Filter>
    </ClInclude>
    <ClInclude Include="Entity.h">
      <Filter>SourceCodes\A_Editor\Function\Actors\Actor\Entity</Filter>
    </ClInclude>
    <ClInclude Include="UIActorManager.h">
      <Filter>SourceCodes\A_Editor\Function\Actors\Manager</Filter>
    </ClInclude>
    <ClInclude Include="ActorManager.h">
      <Filter>SourceCodes\A_Editor\Function\Actors\Manager</Filter>
    </ClInclude>
    <ClInclude Include="BaseTransform.h">
      <Filter>SourceCodes\A_Editor\Function\Actors\Transform\Base</Filter>
    </ClInclude>
    <ClInclude Include="ComponentFactory.h">
      <Filter>SourceCodes\A_Editor\Function\Components\Factory</Filter>
    </ClInclude>
    <ClInclude Include="FileOperationManager.h">
      <Filter>ヘッダー ファイル</Filter>
    </ClInclude>
    <ClInclude Include="DuplicateCommand.h">
      <Filter>ヘッダー ファイル</Filter>
    </ClInclude>
  </ItemGroup>
</Project>